
Microsoft Visual Studio Solution File, Format Version 12.00
# Visual Studio Version 17
VisualStudioVersion = 17.0.31919.166
MinimumVisualStudioVersion = 10.0.40219.1
Project("{FAE04EC0-301F-11D3-BF4B-00C04F79EFBC}") = "WpfAppLessonWPF5", "WpfAppLessonWPF5\WpfAppLessonWPF5.csproj", "{1F7ED08D-A709-4063-8552-2789151EDD4A}"
EndProject
Global
	GlobalSection(SolutionConfigurationPlatforms) = preSolution
		Debug|Any CPU = Debug|Any CPU
		Release|Any CPU = Release|Any CPU
	EndGlobalSection
	GlobalSection(ProjectConfigurationPlatforms) = postSolution
		{1F7ED08D-A709-4063-8552-2789151EDD4A}.Debug|Any CPU.ActiveCfg = Debug|Any CPU
		{1F7ED08D-A709-4063-8552-2789151EDD4A}.Debug|Any CPU.Build.0 = Debug|Any CPU
		{1F7ED08D-A709-4063-8552-2789151EDD4A}.Release|Any CPU.ActiveCfg = Release|Any CPU
		{1F7ED08D-A709-4063-8552-2789151EDD4A}.Release|Any CPU.Build.0 = Release|Any CPU
	EndGlobalSection
	GlobalSection(SolutionProperties) = preSolution
		HideSolutionNode = FALSE
	EndGlobalSection
	GlobalSection(ExtensibilityGlobals) = postSolution
		SolutionGuid = {E80D386C-2BB9-470F-8B38-E90280185E0F}
	EndGlobalSection
EndGlobal
